// !$*UTF8*$!
{
	archiveVersion = 1;
	classes = {
	};
	objectVersion = 46;
	objects = {

/* Begin PBXBuildFile section */
		1DE977E6943213006AC1D83A /* Pods_Arena_ChallengeUITests.framework in Frameworks */ = {isa = PBXBuildFile; fileRef = 3CC1620A5027097EE438B6EE /* Pods_Arena_ChallengeUITests.framework */; };
		891F595BB8FA593E46873BBF /* Pods_Arena_ChallengeTests.framework in Frameworks */ = {isa = PBXBuildFile; fileRef = BBED3E52822FF00906623F7D /* Pods_Arena_ChallengeTests.framework */; };
		9AD3A1F759E6422885454399 /* Pods_Arena_Challenge.framework in Frameworks */ = {isa = PBXBuildFile; fileRef = CCC3739A3FA6786EBD99A9B7 /* Pods_Arena_Challenge.framework */; };
		A2AE35FE1E9964440071EE19 /* GitHubAPI.swift in Sources */ = {isa = PBXBuildFile; fileRef = A2AE35FD1E9964440071EE19 /* GitHubAPI.swift */; };
		A2AE36031E996AD40071EE19 /* RepositoriesViewController.swift in Sources */ = {isa = PBXBuildFile; fileRef = A2AE36021E996AD40071EE19 /* RepositoriesViewController.swift */; };
		A2AE36051E996AE50071EE19 /* RepositoriesViewModel.swift in Sources */ = {isa = PBXBuildFile; fileRef = A2AE36041E996AE50071EE19 /* RepositoriesViewModel.swift */; };
		A2AE36081E9975B10071EE19 /* Repository.swift in Sources */ = {isa = PBXBuildFile; fileRef = A2AE36071E9975B10071EE19 /* Repository.swift */; };
		A2AE360C1E9977F90071EE19 /* RepositoryTableViewCell.swift in Sources */ = {isa = PBXBuildFile; fileRef = A2AE360A1E9977F90071EE19 /* RepositoryTableViewCell.swift */; };
		A2AE360D1E9977F90071EE19 /* RepositoryTableViewCell.xib in Resources */ = {isa = PBXBuildFile; fileRef = A2AE360B1E9977F90071EE19 /* RepositoryTableViewCell.xib */; };
		A2AE36101E997FE70071EE19 /* RepositoryCellViewModel.swift in Sources */ = {isa = PBXBuildFile; fileRef = A2AE360F1E997FE70071EE19 /* RepositoryCellViewModel.swift */; };
		A2AE36121E99A6A40071EE19 /* User.swift in Sources */ = {isa = PBXBuildFile; fileRef = A2AE36111E99A6A40071EE19 /* User.swift */; };
		A2AE36151E99A9460071EE19 /* UIColorExtensions.swift in Sources */ = {isa = PBXBuildFile; fileRef = A2AE36141E99A9460071EE19 /* UIColorExtensions.swift */; };
		A2AE36171E9A02B00071EE19 /* UIImageViewExtensions.swift in Sources */ = {isa = PBXBuildFile; fileRef = A2AE36161E9A02B00071EE19 /* UIImageViewExtensions.swift */; };
		A2AE36191E9A065B0071EE19 /* RepositoryPullRequestsViewController.swift in Sources */ = {isa = PBXBuildFile; fileRef = A2AE36181E9A065B0071EE19 /* RepositoryPullRequestsViewController.swift */; };
		A2AE361B1E9A06740071EE19 /* RepositoryPullRequestsViewModel.swift in Sources */ = {isa = PBXBuildFile; fileRef = A2AE361A1E9A06740071EE19 /* RepositoryPullRequestsViewModel.swift */; };
		A2AE361D1E9A06B70071EE19 /* UIStoryboardExtensions.swift in Sources */ = {isa = PBXBuildFile; fileRef = A2AE361C1E9A06B70071EE19 /* UIStoryboardExtensions.swift */; };
		A2AE36201E9A09490071EE19 /* PullRequestTableViewCell.swift in Sources */ = {isa = PBXBuildFile; fileRef = A2AE361E1E9A09490071EE19 /* PullRequestTableViewCell.swift */; };
		A2AE36211E9A09490071EE19 /* PullRequestTableViewCell.xib in Resources */ = {isa = PBXBuildFile; fileRef = A2AE361F1E9A09490071EE19 /* PullRequestTableViewCell.xib */; };
		A2AE36231E9A09650071EE19 /* PullRequestCellViewModel.swift in Sources */ = {isa = PBXBuildFile; fileRef = A2AE36221E9A09650071EE19 /* PullRequestCellViewModel.swift */; };
		A2AE36251E9A09DD0071EE19 /* PullRequest.swift in Sources */ = {isa = PBXBuildFile; fileRef = A2AE36241E9A09DD0071EE19 /* PullRequest.swift */; };
		A2AE36281E9A0C0B0071EE19 /* SegueIdentifiers.swift in Sources */ = {isa = PBXBuildFile; fileRef = A2AE36271E9A0C0B0071EE19 /* SegueIdentifiers.swift */; };
		A2AE362A1E9A98F20071EE19 /* MBProgressHUDExtensions.swift in Sources */ = {isa = PBXBuildFile; fileRef = A2AE36291E9A98F20071EE19 /* MBProgressHUDExtensions.swift */; };
		A2AE362E1E9A9D1C0071EE19 /* ActivityIndicator.swift in Sources */ = {isa = PBXBuildFile; fileRef = A2AE362D1E9A9D1C0071EE19 /* ActivityIndicator.swift */; };
		A2C7AD601E995B89009B26F5 /* AppDelegate.swift in Sources */ = {isa = PBXBuildFile; fileRef = A2C7AD5F1E995B89009B26F5 /* AppDelegate.swift */; };
		A2C7AD651E995B89009B26F5 /* Main.storyboard in Resources */ = {isa = PBXBuildFile; fileRef = A2C7AD631E995B89009B26F5 /* Main.storyboard */; };
		A2C7AD671E995B89009B26F5 /* Assets.xcassets in Resources */ = {isa = PBXBuildFile; fileRef = A2C7AD661E995B89009B26F5 /* Assets.xcassets */; };
		A2C7AD6A1E995B89009B26F5 /* LaunchScreen.storyboard in Resources */ = {isa = PBXBuildFile; fileRef = A2C7AD681E995B89009B26F5 /* LaunchScreen.storyboard */; };
		A2C7AD751E995B89009B26F5 /* Arena_ChallengeTests.swift in Sources */ = {isa = PBXBuildFile; fileRef = A2C7AD741E995B89009B26F5 /* Arena_ChallengeTests.swift */; };
		A2C7AD801E995B89009B26F5 /* Arena_ChallengeUITests.swift in Sources */ = {isa = PBXBuildFile; fileRef = A2C7AD7F1E995B89009B26F5 /* Arena_ChallengeUITests.swift */; };
/* End PBXBuildFile section */

/* Begin PBXContainerItemProxy section */
		A2C7AD711E995B89009B26F5 /* PBXContainerItemProxy */ = {
			isa = PBXContainerItemProxy;
			containerPortal = A2C7AD541E995B89009B26F5 /* Project object */;
			proxyType = 1;
			remoteGlobalIDString = A2C7AD5B1E995B89009B26F5;
			remoteInfo = "Arena Challenge";
		};
		A2C7AD7C1E995B89009B26F5 /* PBXContainerItemProxy */ = {
			isa = PBXContainerItemProxy;
			containerPortal = A2C7AD541E995B89009B26F5 /* Project object */;
			proxyType = 1;
			remoteGlobalIDString = A2C7AD5B1E995B89009B26F5;
			remoteInfo = "Arena Challenge";
		};
/* End PBXContainerItemProxy section */

/* Begin PBXFileReference section */
		16B64079799F46C39190D3FB /* Pods-Arena Challenge.debug.xcconfig */ = {isa = PBXFileReference; includeInIndex = 1; lastKnownFileType = text.xcconfig; name = "Pods-Arena Challenge.debug.xcconfig"; path = "Pods/Target Support Files/Pods-Arena Challenge/Pods-Arena Challenge.debug.xcconfig"; sourceTree = "<group>"; };
		27FEA8BD8E52F74DCE256369 /* Pods-Arena ChallengeTests.release.xcconfig */ = {isa = PBXFileReference; includeInIndex = 1; lastKnownFileType = text.xcconfig; name = "Pods-Arena ChallengeTests.release.xcconfig"; path = "Pods/Target Support Files/Pods-Arena ChallengeTests/Pods-Arena ChallengeTests.release.xcconfig"; sourceTree = "<group>"; };
		2A7899713FD2F2AC4D87E974 /* Pods-Arena ChallengeUITests.release.xcconfig */ = {isa = PBXFileReference; includeInIndex = 1; lastKnownFileType = text.xcconfig; name = "Pods-Arena ChallengeUITests.release.xcconfig"; path = "Pods/Target Support Files/Pods-Arena ChallengeUITests/Pods-Arena ChallengeUITests.release.xcconfig"; sourceTree = "<group>"; };
		2F2324DBBD0E8050B4BFF0B1 /* Pods-Arena Challenge.release.xcconfig */ = {isa = PBXFileReference; includeInIndex = 1; lastKnownFileType = text.xcconfig; name = "Pods-Arena Challenge.release.xcconfig"; path = "Pods/Target Support Files/Pods-Arena Challenge/Pods-Arena Challenge.release.xcconfig"; sourceTree = "<group>"; };
		3CC1620A5027097EE438B6EE /* Pods_Arena_ChallengeUITests.framework */ = {isa = PBXFileReference; explicitFileType = wrapper.framework; includeInIndex = 0; path = Pods_Arena_ChallengeUITests.framework; sourceTree = BUILT_PRODUCTS_DIR; };
		5D2B2D766963B95C50E33AD8 /* Pods-Arena ChallengeUITests.debug.xcconfig */ = {isa = PBXFileReference; includeInIndex = 1; lastKnownFileType = text.xcconfig; name = "Pods-Arena ChallengeUITests.debug.xcconfig"; path = "Pods/Target Support Files/Pods-Arena ChallengeUITests/Pods-Arena ChallengeUITests.debug.xcconfig"; sourceTree = "<group>"; };
		A2AE35FD1E9964440071EE19 /* GitHubAPI.swift */ = {isa = PBXFileReference; fileEncoding = 4; lastKnownFileType = sourcecode.swift; path = GitHubAPI.swift; sourceTree = "<group>"; };
		A2AE36021E996AD40071EE19 /* RepositoriesViewController.swift */ = {isa = PBXFileReference; fileEncoding = 4; lastKnownFileType = sourcecode.swift; path = RepositoriesViewController.swift; sourceTree = "<group>"; };
		A2AE36041E996AE50071EE19 /* RepositoriesViewModel.swift */ = {isa = PBXFileReference; fileEncoding = 4; lastKnownFileType = sourcecode.swift; path = RepositoriesViewModel.swift; sourceTree = "<group>"; };
		A2AE36071E9975B10071EE19 /* Repository.swift */ = {isa = PBXFileReference; fileEncoding = 4; lastKnownFileType = sourcecode.swift; path = Repository.swift; sourceTree = "<group>"; };
		A2AE360A1E9977F90071EE19 /* RepositoryTableViewCell.swift */ = {isa = PBXFileReference; fileEncoding = 4; lastKnownFileType = sourcecode.swift; path = RepositoryTableViewCell.swift; sourceTree = "<group>"; };
		A2AE360B1E9977F90071EE19 /* RepositoryTableViewCell.xib */ = {isa = PBXFileReference; fileEncoding = 4; lastKnownFileType = file.xib; path = RepositoryTableViewCell.xib; sourceTree = "<group>"; };
		A2AE360F1E997FE70071EE19 /* RepositoryCellViewModel.swift */ = {isa = PBXFileReference; fileEncoding = 4; lastKnownFileType = sourcecode.swift; path = RepositoryCellViewModel.swift; sourceTree = "<group>"; };
		A2AE36111E99A6A40071EE19 /* User.swift */ = {isa = PBXFileReference; fileEncoding = 4; lastKnownFileType = sourcecode.swift; path = User.swift; sourceTree = "<group>"; };
		A2AE36141E99A9460071EE19 /* UIColorExtensions.swift */ = {isa = PBXFileReference; fileEncoding = 4; lastKnownFileType = sourcecode.swift; path = UIColorExtensions.swift; sourceTree = "<group>"; };
		A2AE36161E9A02B00071EE19 /* UIImageViewExtensions.swift */ = {isa = PBXFileReference; fileEncoding = 4; lastKnownFileType = sourcecode.swift; path = UIImageViewExtensions.swift; sourceTree = "<group>"; };
		A2AE36181E9A065B0071EE19 /* RepositoryPullRequestsViewController.swift */ = {isa = PBXFileReference; fileEncoding = 4; lastKnownFileType = sourcecode.swift; path = RepositoryPullRequestsViewController.swift; sourceTree = "<group>"; };
		A2AE361A1E9A06740071EE19 /* RepositoryPullRequestsViewModel.swift */ = {isa = PBXFileReference; fileEncoding = 4; lastKnownFileType = sourcecode.swift; path = RepositoryPullRequestsViewModel.swift; sourceTree = "<group>"; };
		A2AE361C1E9A06B70071EE19 /* UIStoryboardExtensions.swift */ = {isa = PBXFileReference; fileEncoding = 4; lastKnownFileType = sourcecode.swift; path = UIStoryboardExtensions.swift; sourceTree = "<group>"; };
		A2AE361E1E9A09490071EE19 /* PullRequestTableViewCell.swift */ = {isa = PBXFileReference; fileEncoding = 4; lastKnownFileType = sourcecode.swift; path = PullRequestTableViewCell.swift; sourceTree = "<group>"; };
		A2AE361F1E9A09490071EE19 /* PullRequestTableViewCell.xib */ = {isa = PBXFileReference; fileEncoding = 4; lastKnownFileType = file.xib; path = PullRequestTableViewCell.xib; sourceTree = "<group>"; };
		A2AE36221E9A09650071EE19 /* PullRequestCellViewModel.swift */ = {isa = PBXFileReference; fileEncoding = 4; lastKnownFileType = sourcecode.swift; path = PullRequestCellViewModel.swift; sourceTree = "<group>"; };
		A2AE36241E9A09DD0071EE19 /* PullRequest.swift */ = {isa = PBXFileReference; fileEncoding = 4; lastKnownFileType = sourcecode.swift; path = PullRequest.swift; sourceTree = "<group>"; };
		A2AE36271E9A0C0B0071EE19 /* SegueIdentifiers.swift */ = {isa = PBXFileReference; fileEncoding = 4; lastKnownFileType = sourcecode.swift; path = SegueIdentifiers.swift; sourceTree = "<group>"; };
		A2AE36291E9A98F20071EE19 /* MBProgressHUDExtensions.swift */ = {isa = PBXFileReference; fileEncoding = 4; lastKnownFileType = sourcecode.swift; path = MBProgressHUDExtensions.swift; sourceTree = "<group>"; };
		A2AE362D1E9A9D1C0071EE19 /* ActivityIndicator.swift */ = {isa = PBXFileReference; fileEncoding = 4; lastKnownFileType = sourcecode.swift; path = ActivityIndicator.swift; sourceTree = "<group>"; };
		A2C7AD5C1E995B89009B26F5 /* Arena Challenge.app */ = {isa = PBXFileReference; explicitFileType = wrapper.application; includeInIndex = 0; path = "Arena Challenge.app"; sourceTree = BUILT_PRODUCTS_DIR; };
		A2C7AD5F1E995B89009B26F5 /* AppDelegate.swift */ = {isa = PBXFileReference; lastKnownFileType = sourcecode.swift; name = AppDelegate.swift; path = "Arena Challenge/AppDelegate/AppDelegate.swift"; sourceTree = SOURCE_ROOT; };
		A2C7AD641E995B89009B26F5 /* Base */ = {isa = PBXFileReference; lastKnownFileType = file.storyboard; name = Base; path = Base.lproj/Main.storyboard; sourceTree = "<group>"; };
		A2C7AD661E995B89009B26F5 /* Assets.xcassets */ = {isa = PBXFileReference; lastKnownFileType = folder.assetcatalog; path = Assets.xcassets; sourceTree = "<group>"; };
		A2C7AD691E995B89009B26F5 /* Base */ = {isa = PBXFileReference; lastKnownFileType = file.storyboard; name = Base; path = Base.lproj/LaunchScreen.storyboard; sourceTree = "<group>"; };
		A2C7AD6B1E995B89009B26F5 /* Info.plist */ = {isa = PBXFileReference; lastKnownFileType = text.plist.xml; path = Info.plist; sourceTree = "<group>"; };
		A2C7AD701E995B89009B26F5 /* Arena ChallengeTests.xctest */ = {isa = PBXFileReference; explicitFileType = wrapper.cfbundle; includeInIndex = 0; path = "Arena ChallengeTests.xctest"; sourceTree = BUILT_PRODUCTS_DIR; };
		A2C7AD741E995B89009B26F5 /* Arena_ChallengeTests.swift */ = {isa = PBXFileReference; lastKnownFileType = sourcecode.swift; path = Arena_ChallengeTests.swift; sourceTree = "<group>"; };
		A2C7AD761E995B89009B26F5 /* Info.plist */ = {isa = PBXFileReference; lastKnownFileType = text.plist.xml; path = Info.plist; sourceTree = "<group>"; };
		A2C7AD7B1E995B89009B26F5 /* Arena ChallengeUITests.xctest */ = {isa = PBXFileReference; explicitFileType = wrapper.cfbundle; includeInIndex = 0; path = "Arena ChallengeUITests.xctest"; sourceTree = BUILT_PRODUCTS_DIR; };
		A2C7AD7F1E995B89009B26F5 /* Arena_ChallengeUITests.swift */ = {isa = PBXFileReference; lastKnownFileType = sourcecode.swift; path = Arena_ChallengeUITests.swift; sourceTree = "<group>"; };
		A2C7AD811E995B89009B26F5 /* Info.plist */ = {isa = PBXFileReference; lastKnownFileType = text.plist.xml; path = Info.plist; sourceTree = "<group>"; };
		A4F527835881E691E92C5DF9 /* Pods-Arena ChallengeTests.debug.xcconfig */ = {isa = PBXFileReference; includeInIndex = 1; lastKnownFileType = text.xcconfig; name = "Pods-Arena ChallengeTests.debug.xcconfig"; path = "Pods/Target Support Files/Pods-Arena ChallengeTests/Pods-Arena ChallengeTests.debug.xcconfig"; sourceTree = "<group>"; };
		BBED3E52822FF00906623F7D /* Pods_Arena_ChallengeTests.framework */ = {isa = PBXFileReference; explicitFileType = wrapper.framework; includeInIndex = 0; path = Pods_Arena_ChallengeTests.framework; sourceTree = BUILT_PRODUCTS_DIR; };
		CCC3739A3FA6786EBD99A9B7 /* Pods_Arena_Challenge.framework */ = {isa = PBXFileReference; explicitFileType = wrapper.framework; includeInIndex = 0; path = Pods_Arena_Challenge.framework; sourceTree = BUILT_PRODUCTS_DIR; };
/* End PBXFileReference section */

/* Begin PBXFrameworksBuildPhase section */
		A2C7AD591E995B89009B26F5 /* Frameworks */ = {
			isa = PBXFrameworksBuildPhase;
			buildActionMask = 2147483647;
			files = (
				9AD3A1F759E6422885454399 /* Pods_Arena_Challenge.framework in Frameworks */,
			);
			runOnlyForDeploymentPostprocessing = 0;
		};
		A2C7AD6D1E995B89009B26F5 /* Frameworks */ = {
			isa = PBXFrameworksBuildPhase;
			buildActionMask = 2147483647;
			files = (
				891F595BB8FA593E46873BBF /* Pods_Arena_ChallengeTests.framework in Frameworks */,
			);
			runOnlyForDeploymentPostprocessing = 0;
		};
		A2C7AD781E995B89009B26F5 /* Frameworks */ = {
			isa = PBXFrameworksBuildPhase;
			buildActionMask = 2147483647;
			files = (
				1DE977E6943213006AC1D83A /* Pods_Arena_ChallengeUITests.framework in Frameworks */,
			);
			runOnlyForDeploymentPostprocessing = 0;
		};
/* End PBXFrameworksBuildPhase section */

/* Begin PBXGroup section */
		28BB656FC87C1572CB78D2B8 /* Pods */ = {
			isa = PBXGroup;
			children = (
				16B64079799F46C39190D3FB /* Pods-Arena Challenge.debug.xcconfig */,
				2F2324DBBD0E8050B4BFF0B1 /* Pods-Arena Challenge.release.xcconfig */,
				A4F527835881E691E92C5DF9 /* Pods-Arena ChallengeTests.debug.xcconfig */,
				27FEA8BD8E52F74DCE256369 /* Pods-Arena ChallengeTests.release.xcconfig */,
				5D2B2D766963B95C50E33AD8 /* Pods-Arena ChallengeUITests.debug.xcconfig */,
				2A7899713FD2F2AC4D87E974 /* Pods-Arena ChallengeUITests.release.xcconfig */,
			);
			name = Pods;
			sourceTree = "<group>";
		};
		A2AE35FC1E9963DE0071EE19 /* GitHubAPI */ = {
			isa = PBXGroup;
			children = (
				A2AE35FD1E9964440071EE19 /* GitHubAPI.swift */,
			);
			path = GitHubAPI;
			sourceTree = "<group>";
		};
		A2AE35FF1E996A340071EE19 /* View */ = {
			isa = PBXGroup;
			children = (
				A2AE36091E9977D50071EE19 /* Cells */,
				A2AE36021E996AD40071EE19 /* RepositoriesViewController.swift */,
				A2AE36181E9A065B0071EE19 /* RepositoryPullRequestsViewController.swift */,
			);
			path = View;
			sourceTree = "<group>";
		};
		A2AE36001E996A390071EE19 /* ViewModel */ = {
			isa = PBXGroup;
			children = (
				A2AE360E1E997F4F0071EE19 /* Cells */,
				A2AE36041E996AE50071EE19 /* RepositoriesViewModel.swift */,
				A2AE361A1E9A06740071EE19 /* RepositoryPullRequestsViewModel.swift */,
			);
			path = ViewModel;
			sourceTree = "<group>";
		};
		A2AE36011E996A3E0071EE19 /* Model */ = {
			isa = PBXGroup;
			children = (
				A2AE36241E9A09DD0071EE19 /* PullRequest.swift */,
				A2AE36071E9975B10071EE19 /* Repository.swift */,
				A2AE36111E99A6A40071EE19 /* User.swift */,
			);
			path = Model;
			sourceTree = "<group>";
		};
		A2AE36061E996C0A0071EE19 /* AppDelegate */ = {
			isa = PBXGroup;
			children = (
				A2C7AD5F1E995B89009B26F5 /* AppDelegate.swift */,
			);
			path = AppDelegate;
			sourceTree = "<group>";
		};
		A2AE36091E9977D50071EE19 /* Cells */ = {
			isa = PBXGroup;
			children = (
				A2AE361E1E9A09490071EE19 /* PullRequestTableViewCell.swift */,
				A2AE361F1E9A09490071EE19 /* PullRequestTableViewCell.xib */,
				A2AE360A1E9977F90071EE19 /* RepositoryTableViewCell.swift */,
				A2AE360B1E9977F90071EE19 /* RepositoryTableViewCell.xib */,
			);
			path = Cells;
			sourceTree = "<group>";
		};
		A2AE360E1E997F4F0071EE19 /* Cells */ = {
			isa = PBXGroup;
			children = (
				A2AE36221E9A09650071EE19 /* PullRequestCellViewModel.swift */,
				A2AE360F1E997FE70071EE19 /* RepositoryCellViewModel.swift */,
			);
			path = Cells;
			sourceTree = "<group>";
		};
		A2AE36131E99A9290071EE19 /* Extensions */ = {
			isa = PBXGroup;
			children = (
				A2AE36291E9A98F20071EE19 /* MBProgressHUDExtensions.swift */,
				A2AE36141E99A9460071EE19 /* UIColorExtensions.swift */,
				A2AE36161E9A02B00071EE19 /* UIImageViewExtensions.swift */,
				A2AE361C1E9A06B70071EE19 /* UIStoryboardExtensions.swift */,
			);
			path = Extensions;
			sourceTree = "<group>";
		};
		A2AE36261E9A0BED0071EE19 /* Helper */ = {
			isa = PBXGroup;
			children = (
				A2AE362D1E9A9D1C0071EE19 /* ActivityIndicator.swift */,
				A2AE36271E9A0C0B0071EE19 /* SegueIdentifiers.swift */,
			);
			path = Helper;
			sourceTree = "<group>";
		};
		A2C7AD531E995B89009B26F5 = {
			isa = PBXGroup;
			children = (
				A2C7AD5E1E995B89009B26F5 /* Arena Challenge */,
				A2C7AD731E995B89009B26F5 /* Arena ChallengeTests */,
				A2C7AD7E1E995B89009B26F5 /* Arena ChallengeUITests */,
				A2C7AD5D1E995B89009B26F5 /* Products */,
				28BB656FC87C1572CB78D2B8 /* Pods */,
				B3BA358174BE14A722326B8A /* Frameworks */,
			);
			sourceTree = "<group>";
		};
		A2C7AD5D1E995B89009B26F5 /* Products */ = {
			isa = PBXGroup;
			children = (
				A2C7AD5C1E995B89009B26F5 /* Arena Challenge.app */,
				A2C7AD701E995B89009B26F5 /* Arena ChallengeTests.xctest */,
				A2C7AD7B1E995B89009B26F5 /* Arena ChallengeUITests.xctest */,
			);
			name = Products;
			sourceTree = "<group>";
		};
		A2C7AD5E1E995B89009B26F5 /* Arena Challenge */ = {
			isa = PBXGroup;
			children = (
				A2AE36261E9A0BED0071EE19 /* Helper */,
				A2AE36061E996C0A0071EE19 /* AppDelegate */,
				A2AE36131E99A9290071EE19 /* Extensions */,
				A2AE35FC1E9963DE0071EE19 /* GitHubAPI */,
				A2AE36011E996A3E0071EE19 /* Model */,
				A2AE35FF1E996A340071EE19 /* View */,
				A2AE36001E996A390071EE19 /* ViewModel */,
				A2C7AD631E995B89009B26F5 /* Main.storyboard */,
				A2C7AD661E995B89009B26F5 /* Assets.xcassets */,
				A2C7AD681E995B89009B26F5 /* LaunchScreen.storyboard */,
				A2C7AD6B1E995B89009B26F5 /* Info.plist */,
			);
			path = "Arena Challenge";
			sourceTree = "<group>";
		};
		A2C7AD731E995B89009B26F5 /* Arena ChallengeTests */ = {
			isa = PBXGroup;
			children = (
				A2C7AD741E995B89009B26F5 /* Arena_ChallengeTests.swift */,
				A2C7AD761E995B89009B26F5 /* Info.plist */,
			);
			path = "Arena ChallengeTests";
			sourceTree = "<group>";
		};
		A2C7AD7E1E995B89009B26F5 /* Arena ChallengeUITests */ = {
			isa = PBXGroup;
			children = (
				A2C7AD7F1E995B89009B26F5 /* Arena_ChallengeUITests.swift */,
				A2C7AD811E995B89009B26F5 /* Info.plist */,
			);
			path = "Arena ChallengeUITests";
			sourceTree = "<group>";
		};
		B3BA358174BE14A722326B8A /* Frameworks */ = {
			isa = PBXGroup;
			children = (
				CCC3739A3FA6786EBD99A9B7 /* Pods_Arena_Challenge.framework */,
				BBED3E52822FF00906623F7D /* Pods_Arena_ChallengeTests.framework */,
				3CC1620A5027097EE438B6EE /* Pods_Arena_ChallengeUITests.framework */,
			);
			name = Frameworks;
			sourceTree = "<group>";
		};
/* End PBXGroup section */

/* Begin PBXNativeTarget section */
		A2C7AD5B1E995B89009B26F5 /* Arena Challenge */ = {
			isa = PBXNativeTarget;
			buildConfigurationList = A2C7AD841E995B89009B26F5 /* Build configuration list for PBXNativeTarget "Arena Challenge" */;
			buildPhases = (
				43DD39A9D0432C602FEAA794 /* [CP] Check Pods Manifest.lock */,
				A2C7AD581E995B89009B26F5 /* Sources */,
				A2C7AD591E995B89009B26F5 /* Frameworks */,
				A2C7AD5A1E995B89009B26F5 /* Resources */,
				677203AEAA1B7CCB08D155A9 /* [CP] Embed Pods Frameworks */,
				2BDDDE42775965B25527D9C0 /* [CP] Copy Pods Resources */,
			);
			buildRules = (
			);
			dependencies = (
			);
			name = "Arena Challenge";
			productName = "Arena Challenge";
			productReference = A2C7AD5C1E995B89009B26F5 /* Arena Challenge.app */;
			productType = "com.apple.product-type.application";
		};
		A2C7AD6F1E995B89009B26F5 /* Arena ChallengeTests */ = {
			isa = PBXNativeTarget;
			buildConfigurationList = A2C7AD871E995B89009B26F5 /* Build configuration list for PBXNativeTarget "Arena ChallengeTests" */;
			buildPhases = (
				C22752566411C59E2E32E670 /* [CP] Check Pods Manifest.lock */,
				A2C7AD6C1E995B89009B26F5 /* Sources */,
				A2C7AD6D1E995B89009B26F5 /* Frameworks */,
				A2C7AD6E1E995B89009B26F5 /* Resources */,
				D4ADCD8850E35183753CA8DA /* [CP] Embed Pods Frameworks */,
				946E655E949D3A552CCE1BE0 /* [CP] Copy Pods Resources */,
			);
			buildRules = (
			);
			dependencies = (
				A2C7AD721E995B89009B26F5 /* PBXTargetDependency */,
			);
			name = "Arena ChallengeTests";
			productName = "Arena ChallengeTests";
			productReference = A2C7AD701E995B89009B26F5 /* Arena ChallengeTests.xctest */;
			productType = "com.apple.product-type.bundle.unit-test";
		};
		A2C7AD7A1E995B89009B26F5 /* Arena ChallengeUITests */ = {
			isa = PBXNativeTarget;
			buildConfigurationList = A2C7AD8A1E995B89009B26F5 /* Build configuration list for PBXNativeTarget "Arena ChallengeUITests" */;
			buildPhases = (
				EA552A781B87C5346F68D69C /* [CP] Check Pods Manifest.lock */,
				A2C7AD771E995B89009B26F5 /* Sources */,
				A2C7AD781E995B89009B26F5 /* Frameworks */,
				A2C7AD791E995B89009B26F5 /* Resources */,
				38610125A3D352637C4C2194 /* [CP] Embed Pods Frameworks */,
				525C925AF61004324EEBD26D /* [CP] Copy Pods Resources */,
			);
			buildRules = (
			);
			dependencies = (
				A2C7AD7D1E995B89009B26F5 /* PBXTargetDependency */,
			);
			name = "Arena ChallengeUITests";
			productName = "Arena ChallengeUITests";
			productReference = A2C7AD7B1E995B89009B26F5 /* Arena ChallengeUITests.xctest */;
			productType = "com.apple.product-type.bundle.ui-testing";
		};
/* End PBXNativeTarget section */

/* Begin PBXProject section */
		A2C7AD541E995B89009B26F5 /* Project object */ = {
			isa = PBXProject;
			attributes = {
				LastSwiftUpdateCheck = 0830;
				LastUpgradeCheck = 0830;
				ORGANIZATIONNAME = arena;
				TargetAttributes = {
					A2C7AD5B1E995B89009B26F5 = {
						CreatedOnToolsVersion = 8.3;
						ProvisioningStyle = Automatic;
					};
					A2C7AD6F1E995B89009B26F5 = {
						CreatedOnToolsVersion = 8.3;
						ProvisioningStyle = Automatic;
						TestTargetID = A2C7AD5B1E995B89009B26F5;
					};
					A2C7AD7A1E995B89009B26F5 = {
						CreatedOnToolsVersion = 8.3;
						ProvisioningStyle = Automatic;
						TestTargetID = A2C7AD5B1E995B89009B26F5;
					};
				};
			};
			buildConfigurationList = A2C7AD571E995B89009B26F5 /* Build configuration list for PBXProject "Arena Challenge" */;
			compatibilityVersion = "Xcode 3.2";
			developmentRegion = English;
			hasScannedForEncodings = 0;
			knownRegions = (
				en,
				Base,
			);
			mainGroup = A2C7AD531E995B89009B26F5;
			productRefGroup = A2C7AD5D1E995B89009B26F5 /* Products */;
			projectDirPath = "";
			projectRoot = "";
			targets = (
				A2C7AD5B1E995B89009B26F5 /* Arena Challenge */,
				A2C7AD6F1E995B89009B26F5 /* Arena ChallengeTests */,
				A2C7AD7A1E995B89009B26F5 /* Arena ChallengeUITests */,
			);
		};
/* End PBXProject section */

/* Begin PBXResourcesBuildPhase section */
		A2C7AD5A1E995B89009B26F5 /* Resources */ = {
			isa = PBXResourcesBuildPhase;
			buildActionMask = 2147483647;
			files = (
				A2C7AD6A1E995B89009B26F5 /* LaunchScreen.storyboard in Resources */,
				A2C7AD671E995B89009B26F5 /* Assets.xcassets in Resources */,
				A2C7AD651E995B89009B26F5 /* Main.storyboard in Resources */,
				A2AE36211E9A09490071EE19 /* PullRequestTableViewCell.xib in Resources */,
				A2AE360D1E9977F90071EE19 /* RepositoryTableViewCell.xib in Resources */,
			);
			runOnlyForDeploymentPostprocessing = 0;
		};
		A2C7AD6E1E995B89009B26F5 /* Resources */ = {
			isa = PBXResourcesBuildPhase;
			buildActionMask = 2147483647;
			files = (
			);
			runOnlyForDeploymentPostprocessing = 0;
		};
		A2C7AD791E995B89009B26F5 /* Resources */ = {
			isa = PBXResourcesBuildPhase;
			buildActionMask = 2147483647;
			files = (
			);
			runOnlyForDeploymentPostprocessing = 0;
		};
/* End PBXResourcesBuildPhase section */

/* Begin PBXShellScriptBuildPhase section */
		2BDDDE42775965B25527D9C0 /* [CP] Copy Pods Resources */ = {
			isa = PBXShellScriptBuildPhase;
			buildActionMask = 2147483647;
			files = (
			);
			inputPaths = (
			);
			name = "[CP] Copy Pods Resources";
			outputPaths = (
			);
			runOnlyForDeploymentPostprocessing = 0;
			shellPath = /bin/sh;
			shellScript = "\"${SRCROOT}/Pods/Target Support Files/Pods-Arena Challenge/Pods-Arena Challenge-resources.sh\"\n";
			showEnvVarsInLog = 0;
		};
		38610125A3D352637C4C2194 /* [CP] Embed Pods Frameworks */ = {
			isa = PBXShellScriptBuildPhase;
			buildActionMask = 2147483647;
			files = (
			);
			inputPaths = (
			);
			name = "[CP] Embed Pods Frameworks";
			outputPaths = (
			);
			runOnlyForDeploymentPostprocessing = 0;
			shellPath = /bin/sh;
			shellScript = "\"${SRCROOT}/Pods/Target Support Files/Pods-Arena ChallengeUITests/Pods-Arena ChallengeUITests-frameworks.sh\"\n";
			showEnvVarsInLog = 0;
		};
		43DD39A9D0432C602FEAA794 /* [CP] Check Pods Manifest.lock */ = {
			isa = PBXShellScriptBuildPhase;
			buildActionMask = 2147483647;
			files = (
			);
			inputPaths = (
			);
			name = "[CP] Check Pods Manifest.lock";
			outputPaths = (
			);
			runOnlyForDeploymentPostprocessing = 0;
			shellPath = /bin/sh;
			shellScript = "diff \"${PODS_ROOT}/../Podfile.lock\" \"${PODS_ROOT}/Manifest.lock\" > /dev/null\nif [ $? != 0 ] ; then\n    # print error to STDERR\n    echo \"error: The sandbox is not in sync with the Podfile.lock. Run 'pod install' or update your CocoaPods installation.\" >&2\n    exit 1\nfi\n";
			showEnvVarsInLog = 0;
		};
		525C925AF61004324EEBD26D /* [CP] Copy Pods Resources */ = {
			isa = PBXShellScriptBuildPhase;
			buildActionMask = 2147483647;
			files = (
			);
			inputPaths = (
			);
			name = "[CP] Copy Pods Resources";
			outputPaths = (
			);
			runOnlyForDeploymentPostprocessing = 0;
			shellPath = /bin/sh;
			shellScript = "\"${SRCROOT}/Pods/Target Support Files/Pods-Arena ChallengeUITests/Pods-Arena ChallengeUITests-resources.sh\"\n";
			showEnvVarsInLog = 0;
		};
		677203AEAA1B7CCB08D155A9 /* [CP] Embed Pods Frameworks */ = {
			isa = PBXShellScriptBuildPhase;
			buildActionMask = 2147483647;
			files = (
			);
			inputPaths = (
			);
			name = "[CP] Embed Pods Frameworks";
			outputPaths = (
			);
			runOnlyForDeploymentPostprocessing = 0;
			shellPath = /bin/sh;
			shellScript = "\"${SRCROOT}/Pods/Target Support Files/Pods-Arena Challenge/Pods-Arena Challenge-frameworks.sh\"\n";
			showEnvVarsInLog = 0;
		};
		946E655E949D3A552CCE1BE0 /* [CP] Copy Pods Resources */ = {
			isa = PBXShellScriptBuildPhase;
			buildActionMask = 2147483647;
			files = (
			);
			inputPaths = (
			);
			name = "[CP] Copy Pods Resources";
			outputPaths = (
			);
			runOnlyForDeploymentPostprocessing = 0;
			shellPath = /bin/sh;
			shellScript = "\"${SRCROOT}/Pods/Target Support Files/Pods-Arena ChallengeTests/Pods-Arena ChallengeTests-resources.sh\"\n";
			showEnvVarsInLog = 0;
		};
		C22752566411C59E2E32E670 /* [CP] Check Pods Manifest.lock */ = {
			isa = PBXShellScriptBuildPhase;
			buildActionMask = 2147483647;
			files = (
			);
			inputPaths = (
			);
			name = "[CP] Check Pods Manifest.lock";
			outputPaths = (
			);
			runOnlyForDeploymentPostprocessing = 0;
			shellPath = /bin/sh;
			shellScript = "diff \"${PODS_ROOT}/../Podfile.lock\" \"${PODS_ROOT}/Manifest.lock\" > /dev/null\nif [ $? != 0 ] ; then\n    # print error to STDERR\n    echo \"error: The sandbox is not in sync with the Podfile.lock. Run 'pod install' or update your CocoaPods installation.\" >&2\n    exit 1\nfi\n";
			showEnvVarsInLog = 0;
		};
		D4ADCD8850E35183753CA8DA /* [CP] Embed Pods Frameworks */ = {
			isa = PBXShellScriptBuildPhase;
			buildActionMask = 2147483647;
			files = (
			);
			inputPaths = (
			);
			name = "[CP] Embed Pods Frameworks";
			outputPaths = (
			);
			runOnlyForDeploymentPostprocessing = 0;
			shellPath = /bin/sh;
			shellScript = "\"${SRCROOT}/Pods/Target Support Files/Pods-Arena ChallengeTests/Pods-Arena ChallengeTests-frameworks.sh\"\n";
			showEnvVarsInLog = 0;
		};
		EA552A781B87C5346F68D69C /* [CP] Check Pods Manifest.lock */ = {
			isa = PBXShellScriptBuildPhase;
			buildActionMask = 2147483647;
			files = (
			);
			inputPaths = (
			);
			name = "[CP] Check Pods Manifest.lock";
			outputPaths = (
			);
			runOnlyForDeploymentPostprocessing = 0;
			shellPath = /bin/sh;
			shellScript = "diff \"${PODS_ROOT}/../Podfile.lock\" \"${PODS_ROOT}/Manifest.lock\" > /dev/null\nif [ $? != 0 ] ; then\n    # print error to STDERR\n    echo \"error: The sandbox is not in sync with the Podfile.lock. Run 'pod install' or update your CocoaPods installation.\" >&2\n    exit 1\nfi\n";
			showEnvVarsInLog = 0;
		};
/* End PBXShellScriptBuildPhase section */

/* Begin PBXSourcesBuildPhase section */
		A2C7AD581E995B89009B26F5 /* Sources */ = {
			isa = PBXSourcesBuildPhase;
			buildActionMask = 2147483647;
			files = (
				A2AE36151E99A9460071EE19 /* UIColorExtensions.swift in Sources */,
				A2AE36191E9A065B0071EE19 /* RepositoryPullRequestsViewController.swift in Sources */,
				A2AE362E1E9A9D1C0071EE19 /* ActivityIndicator.swift in Sources */,
				A2AE36251E9A09DD0071EE19 /* PullRequest.swift in Sources */,
				A2AE36201E9A09490071EE19 /* PullRequestTableViewCell.swift in Sources */,
				A2AE36031E996AD40071EE19 /* RepositoriesViewController.swift in Sources */,
				A2AE362A1E9A98F20071EE19 /* MBProgressHUDExtensions.swift in Sources */,
				A2AE361D1E9A06B70071EE19 /* UIStoryboardExtensions.swift in Sources */,
				A2AE36231E9A09650071EE19 /* PullRequestCellViewModel.swift in Sources */,
				A2AE35FE1E9964440071EE19 /* GitHubAPI.swift in Sources */,
				A2AE36081E9975B10071EE19 /* Repository.swift in Sources */,
				A2AE360C1E9977F90071EE19 /* RepositoryTableViewCell.swift in Sources */,
				A2AE36121E99A6A40071EE19 /* User.swift in Sources */,
				A2AE36281E9A0C0B0071EE19 /* SegueIdentifiers.swift in Sources */,
				A2AE36051E996AE50071EE19 /* RepositoriesViewModel.swift in Sources */,
				A2AE36101E997FE70071EE19 /* RepositoryCellViewModel.swift in Sources */,
				A2AE361B1E9A06740071EE19 /* RepositoryPullRequestsViewModel.swift in Sources */,
				A2AE36171E9A02B00071EE19 /* UIImageViewExtensions.swift in Sources */,
				A2C7AD601E995B89009B26F5 /* AppDelegate.swift in Sources */,
			);
			runOnlyForDeploymentPostprocessing = 0;
		};
		A2C7AD6C1E995B89009B26F5 /* Sources */ = {
			isa = PBXSourcesBuildPhase;
			buildActionMask = 2147483647;
			files = (
				A2C7AD751E995B89009B26F5 /* Arena_ChallengeTests.swift in Sources */,
			);
			runOnlyForDeploymentPostprocessing = 0;
		};
		A2C7AD771E995B89009B26F5 /* Sources */ = {
			isa = PBXSourcesBuildPhase;
			buildActionMask = 2147483647;
			files = (
				A2C7AD801E995B89009B26F5 /* Arena_ChallengeUITests.swift in Sources */,
			);
			runOnlyForDeploymentPostprocessing = 0;
		};
/* End PBXSourcesBuildPhase section */

/* Begin PBXTargetDependency section */
		A2C7AD721E995B89009B26F5 /* PBXTargetDependency */ = {
			isa = PBXTargetDependency;
			target = A2C7AD5B1E995B89009B26F5 /* Arena Challenge */;
			targetProxy = A2C7AD711E995B89009B26F5 /* PBXContainerItemProxy */;
		};
		A2C7AD7D1E995B89009B26F5 /* PBXTargetDependency */ = {
			isa = PBXTargetDependency;
			target = A2C7AD5B1E995B89009B26F5 /* Arena Challenge */;
			targetProxy = A2C7AD7C1E995B89009B26F5 /* PBXContainerItemProxy */;
		};
/* End PBXTargetDependency section */

/* Begin PBXVariantGroup section */
		A2C7AD631E995B89009B26F5 /* Main.storyboard */ = {
			isa = PBXVariantGroup;
			children = (
				A2C7AD641E995B89009B26F5 /* Base */,
			);
			name = Main.storyboard;
			sourceTree = "<group>";
		};
		A2C7AD681E995B89009B26F5 /* LaunchScreen.storyboard */ = {
			isa = PBXVariantGroup;
			children = (
				A2C7AD691E995B89009B26F5 /* Base */,
			);
			name = LaunchScreen.storyboard;
			sourceTree = "<group>";
		};
/* End PBXVariantGroup section */

/* Begin XCBuildConfiguration section */
		A2C7AD821E995B89009B26F5 /* Debug */ = {
			isa = XCBuildConfiguration;
			buildSettings = {
				ALWAYS_SEARCH_USER_PATHS = NO;
				CLANG_ANALYZER_NONNULL = YES;
				CLANG_ANALYZER_NUMBER_OBJECT_CONVERSION = YES_AGGRESSIVE;
				CLANG_CXX_LANGUAGE_STANDARD = "gnu++0x";
				CLANG_CXX_LIBRARY = "libc++";
				CLANG_ENABLE_MODULES = YES;
				CLANG_ENABLE_OBJC_ARC = YES;
				CLANG_WARN_BOOL_CONVERSION = YES;
				CLANG_WARN_CONSTANT_CONVERSION = YES;
				CLANG_WARN_DIRECT_OBJC_ISA_USAGE = YES_ERROR;
				CLANG_WARN_DOCUMENTATION_COMMENTS = YES;
				CLANG_WARN_EMPTY_BODY = YES;
				CLANG_WARN_ENUM_CONVERSION = YES;
				CLANG_WARN_INFINITE_RECURSION = YES;
				CLANG_WARN_INT_CONVERSION = YES;
				CLANG_WARN_OBJC_ROOT_CLASS = YES_ERROR;
				CLANG_WARN_SUSPICIOUS_MOVE = YES;
				CLANG_WARN_UNREACHABLE_CODE = YES;
				CLANG_WARN__DUPLICATE_METHOD_MATCH = YES;
				"CODE_SIGN_IDENTITY[sdk=iphoneos*]" = "iPhone Developer";
				COPY_PHASE_STRIP = NO;
				DEBUG_INFORMATION_FORMAT = dwarf;
				ENABLE_STRICT_OBJC_MSGSEND = YES;
				ENABLE_TESTABILITY = YES;
				GCC_C_LANGUAGE_STANDARD = gnu99;
				GCC_DYNAMIC_NO_PIC = NO;
				GCC_NO_COMMON_BLOCKS = YES;
				GCC_OPTIMIZATION_LEVEL = 0;
				GCC_PREPROCESSOR_DEFINITIONS = (
					"DEBUG=1",
					"$(inherited)",
				);
				GCC_WARN_64_TO_32_BIT_CONVERSION = YES;
				GCC_WARN_ABOUT_RETURN_TYPE = YES_ERROR;
				GCC_WARN_UNDECLARED_SELECTOR = YES;
				GCC_WARN_UNINITIALIZED_AUTOS = YES_AGGRESSIVE;
				GCC_WARN_UNUSED_FUNCTION = YES;
				GCC_WARN_UNUSED_VARIABLE = YES;
				IPHONEOS_DEPLOYMENT_TARGET = 10.3;
				MTL_ENABLE_DEBUG_INFO = YES;
				ONLY_ACTIVE_ARCH = YES;
				SDKROOT = iphoneos;
				SWIFT_ACTIVE_COMPILATION_CONDITIONS = DEBUG;
				SWIFT_OPTIMIZATION_LEVEL = "-Onone";
			};
			name = Debug;
		};
		A2C7AD831E995B89009B26F5 /* Release */ = {
			isa = XCBuildConfiguration;
			buildSettings = {
				ALWAYS_SEARCH_USER_PATHS = NO;
				CLANG_ANALYZER_NONNULL = YES;
				CLANG_ANALYZER_NUMBER_OBJECT_CONVERSION = YES_AGGRESSIVE;
				CLANG_CXX_LANGUAGE_STANDARD = "gnu++0x";
				CLANG_CXX_LIBRARY = "libc++";
				CLANG_ENABLE_MODULES = YES;
				CLANG_ENABLE_OBJC_ARC = YES;
				CLANG_WARN_BOOL_CONVERSION = YES;
				CLANG_WARN_CONSTANT_CONVERSION = YES;
				CLANG_WARN_DIRECT_OBJC_ISA_USAGE = YES_ERROR;
				CLANG_WARN_DOCUMENTATION_COMMENTS = YES;
				CLANG_WARN_EMPTY_BODY = YES;
				CLANG_WARN_ENUM_CONVERSION = YES;
				CLANG_WARN_INFINITE_RECURSION = YES;
				CLANG_WARN_INT_CONVERSION = YES;
				CLANG_WARN_OBJC_ROOT_CLASS = YES_ERROR;
				CLANG_WARN_SUSPICIOUS_MOVE = YES;
				CLANG_WARN_UNREACHABLE_CODE = YES;
				CLANG_WARN__DUPLICATE_METHOD_MATCH = YES;
				"CODE_SIGN_IDENTITY[sdk=iphoneos*]" = "iPhone Developer";
				COPY_PHASE_STRIP = NO;
				DEBUG_INFORMATION_FORMAT = "dwarf-with-dsym";
				ENABLE_NS_ASSERTIONS = NO;
				ENABLE_STRICT_OBJC_MSGSEND = YES;
				GCC_C_LANGUAGE_STANDARD = gnu99;
				GCC_NO_COMMON_BLOCKS = YES;
				GCC_WARN_64_TO_32_BIT_CONVERSION = YES;
				GCC_WARN_ABOUT_RETURN_TYPE = YES_ERROR;
				GCC_WARN_UNDECLARED_SELECTOR = YES;
				GCC_WARN_UNINITIALIZED_AUTOS = YES_AGGRESSIVE;
				GCC_WARN_UNUSED_FUNCTION = YES;
				GCC_WARN_UNUSED_VARIABLE = YES;
				IPHONEOS_DEPLOYMENT_TARGET = 10.3;
				MTL_ENABLE_DEBUG_INFO = NO;
				SDKROOT = iphoneos;
				SWIFT_OPTIMIZATION_LEVEL = "-Owholemodule";
				VALIDATE_PRODUCT = YES;
			};
			name = Release;
		};
		A2C7AD851E995B89009B26F5 /* Debug */ = {
			isa = XCBuildConfiguration;
			baseConfigurationReference = 16B64079799F46C39190D3FB /* Pods-Arena Challenge.debug.xcconfig */;
			buildSettings = {
				ASSETCATALOG_COMPILER_APPICON_NAME = AppIcon;
				"CODE_SIGN_IDENTITY[sdk=iphoneos*]" = "iPhone Developer";
				DEVELOPMENT_TEAM = "";
				INFOPLIST_FILE = "Arena Challenge/Info.plist";
				IPHONEOS_DEPLOYMENT_TARGET = 8.0;
				LD_RUNPATH_SEARCH_PATHS = "$(inherited) @executable_path/Frameworks";
				PRODUCT_BUNDLE_IDENTIFIER = "im.arena.Arena-Challenge";
				PRODUCT_NAME = "$(TARGET_NAME)";
				PROVISIONING_PROFILE_SPECIFIER = "";
				SWIFT_VERSION = 3.0;
			};
			name = Debug;
		};
		A2C7AD861E995B89009B26F5 /* Release */ = {
			isa = XCBuildConfiguration;
			baseConfigurationReference = 2F2324DBBD0E8050B4BFF0B1 /* Pods-Arena Challenge.release.xcconfig */;
			buildSettings = {
				ASSETCATALOG_COMPILER_APPICON_NAME = AppIcon;
				"CODE_SIGN_IDENTITY[sdk=iphoneos*]" = "iPhone Developer";
				DEVELOPMENT_TEAM = "";
				INFOPLIST_FILE = "Arena Challenge/Info.plist";
				IPHONEOS_DEPLOYMENT_TARGET = 8.0;
				LD_RUNPATH_SEARCH_PATHS = "$(inherited) @executable_path/Frameworks";
				PRODUCT_BUNDLE_IDENTIFIER = "im.arena.Arena-Challenge";
				PRODUCT_NAME = "$(TARGET_NAME)";
				PROVISIONING_PROFILE_SPECIFIER = "";
				SWIFT_VERSION = 3.0;
			};
			name = Release;
		};
		A2C7AD881E995B89009B26F5 /* Debug */ = {
			isa = XCBuildConfiguration;
			baseConfigurationReference = A4F527835881E691E92C5DF9 /* Pods-Arena ChallengeTests.debug.xcconfig */;
			buildSettings = {
				ALWAYS_EMBED_SWIFT_STANDARD_LIBRARIES = YES;
				BUNDLE_LOADER = "$(TEST_HOST)";
				INFOPLIST_FILE = "Arena ChallengeTests/Info.plist";
				LD_RUNPATH_SEARCH_PATHS = "$(inherited) @executable_path/Frameworks @loader_path/Frameworks";
				PRODUCT_BUNDLE_IDENTIFIER = "im.arena.Arena-ChallengeTests";
				PRODUCT_NAME = "$(TARGET_NAME)";
				SWIFT_VERSION = 3.0;
				TEST_HOST = "$(BUILT_PRODUCTS_DIR)/Arena Challenge.app/Arena Challenge";
			};
			name = Debug;
		};
		A2C7AD891E995B89009B26F5 /* Release */ = {
			isa = XCBuildConfiguration;
			baseConfigurationReference = 27FEA8BD8E52F74DCE256369 /* Pods-Arena ChallengeTests.release.xcconfig */;
			buildSettings = {
				ALWAYS_EMBED_SWIFT_STANDARD_LIBRARIES = YES;
				BUNDLE_LOADER = "$(TEST_HOST)";
				INFOPLIST_FILE = "Arena ChallengeTests/Info.plist";
				LD_RUNPATH_SEARCH_PATHS = "$(inherited) @executable_path/Frameworks @loader_path/Frameworks";
				PRODUCT_BUNDLE_IDENTIFIER = "im.arena.Arena-ChallengeTests";
				PRODUCT_NAME = "$(TARGET_NAME)";
				SWIFT_VERSION = 3.0;
				TEST_HOST = "$(BUILT_PRODUCTS_DIR)/Arena Challenge.app/Arena Challenge";
			};
			name = Release;
		};
		A2C7AD8B1E995B89009B26F5 /* Debug */ = {
			isa = XCBuildConfiguration;
			baseConfigurationReference = 5D2B2D766963B95C50E33AD8 /* Pods-Arena ChallengeUITests.debug.xcconfig */;
			buildSettings = {
				ALWAYS_EMBED_SWIFT_STANDARD_LIBRARIES = YES;
				INFOPLIST_FILE = "Arena ChallengeUITests/Info.plist";
				LD_RUNPATH_SEARCH_PATHS = "$(inherited) @executable_path/Frameworks @loader_path/Frameworks";
				PRODUCT_BUNDLE_IDENTIFIER = "im.arena.Arena-ChallengeUITests";
				PRODUCT_NAME = "$(TARGET_NAME)";
				SWIFT_VERSION = 3.0;
				TEST_TARGET_NAME = "Arena Challenge";
			};
			name = Debug;
		};
		A2C7AD8C1E995B89009B26F5 /* Release */ = {
			isa = XCBuildConfiguration;
			baseConfigurationReference = 2A7899713FD2F2AC4D87E974 /* Pods-Arena ChallengeUITests.release.xcconfig */;
			buildSettings = {
				ALWAYS_EMBED_SWIFT_STANDARD_LIBRARIES = YES;
				INFOPLIST_FILE = "Arena ChallengeUITests/Info.plist";
				LD_RUNPATH_SEARCH_PATHS = "$(inherited) @executable_path/Frameworks @loader_path/Frameworks";
				PRODUCT_BUNDLE_IDENTIFIER = "im.arena.Arena-ChallengeUITests";
				PRODUCT_NAME = "$(TARGET_NAME)";
				SWIFT_VERSION = 3.0;
				TEST_TARGET_NAME = "Arena Challenge";
			};
			name = Release;
		};
/* End XCBuildConfiguration section */

/* Begin XCConfigurationList section */
		A2C7AD571E995B89009B26F5 /* Build configuration list for PBXProject "Arena Challenge" */ = {
			isa = XCConfigurationList;
			buildConfigurations = (
				A2C7AD821E995B89009B26F5 /* Debug */,
				A2C7AD831E995B89009B26F5 /* Release */,
			);
			defaultConfigurationIsVisible = 0;
			defaultConfigurationName = Release;
		};
		A2C7AD841E995B89009B26F5 /* Build configuration list for PBXNativeTarget "Arena Challenge" */ = {
			isa = XCConfigurationList;
			buildConfigurations = (
				A2C7AD851E995B89009B26F5 /* Debug */,
				A2C7AD861E995B89009B26F5 /* Release */,
			);
			defaultConfigurationIsVisible = 0;
			defaultConfigurationName = Release;
		};
		A2C7AD871E995B89009B26F5 /* Build configuration list for PBXNativeTarget "Arena ChallengeTests" */ = {
			isa = XCConfigurationList;
			buildConfigurations = (
				A2C7AD881E995B89009B26F5 /* Debug */,
				A2C7AD891E995B89009B26F5 /* Release */,
			);
			defaultConfigurationIsVisible = 0;
			defaultConfigurationName = Release;
		};
		A2C7AD8A1E995B89009B26F5 /* Build configuration list for PBXNativeTarget "Arena ChallengeUITests" */ = {
			isa = XCConfigurationList;
			buildConfigurations = (
				A2C7AD8B1E995B89009B26F5 /* Debug */,
				A2C7AD8C1E995B89009B26F5 /* Release */,
			);
			defaultConfigurationIsVisible = 0;
			defaultConfigurationName = Release;
		};
/* End XCConfigurationList section */
	};
	rootObject = A2C7AD541E995B89009B26F5 /* Project object */;
}
